
Microsoft Visual Studio Solution File, Format Version 12.00
# Visual Studio Version 17
VisualStudioVersion = 17.14.36518.9 d17.14
MinimumVisualStudioVersion = 10.0.40219.1
Project("{2150E333-8FDC-42A3-9474-1A3956D46DE8}") = "Task3", "Task3", "{02EA681E-C7D8-13C7-8484-4AC65E1B71E8}"
EndProject
Project("{FAE04EC0-301F-11D3-BF4B-00C04F79EFBC}") = "Tyuiu.KochetovAP.Sprint2.Task3.V23", "Tyuiu.KochetovAP.Sprint2.Task3.V23\Tyuiu.KochetovAP.Sprint2.Task3.V23.csproj", "{CE1F2B66-991E-4F3D-8F98-851C397D3AA9}"
EndProject
Project("{FAE04EC0-301F-11D3-BF4B-00C04F79EFBC}") = "Tyuiu.KochetovAP.Sprint2.Task3.V23.Lib", "Tyuiu.KochetovAP.Sprint2.Task3.V23.Lib\Tyuiu.KochetovAP.Sprint2.Task3.V23.Lib.csproj", "{F8E1009C-09AB-4330-8397-2EF1A045679A}"
EndProject
Project("{FAE04EC0-301F-11D3-BF4B-00C04F79EFBC}") = "Tyuiu.KochetovAP.Sprint2.Task3.V23.Test", "Tyuiu.KochetovAP.Sprint2.Task3.V23.Test\Tyuiu.KochetovAP.Sprint2.Task3.V23.Test.csproj", "{83D7AB03-6CE5-4A83-BA7E-983C36847756}"
EndProject
Project("{2150E333-8FDC-42A3-9474-1A3956D46DE8}") = "Task4", "Task4", "{BA081C57-9666-418A-8A9B-A7677B4C4391}"
EndProject
Project("{FAE04EC0-301F-11D3-BF4B-00C04F79EFBC}") = "Tyuiu.KochetovAP.Sprint2.Task4.V20", "Tyuiu.KochetovAP.Sprint2.Task4.V20\Tyuiu.KochetovAP.Sprint2.Task4.V20.csproj", "{8638A2AA-F883-4A0E-84E4-4146C5C2B750}"
EndProject
Project("{FAE04EC0-301F-11D3-BF4B-00C04F79EFBC}") = "Tyuiu.KochetovAP.Sprint2.Task4.V20.Lib", "Tyuiu.KochetovAP.Sprint2.Task4.V20.Lib\Tyuiu.KochetovAP.Sprint2.Task4.V20.Lib.csproj", "{8FC5ECBC-4CD2-446A-9C83-5E1882A4DBAA}"
EndProject
Project("{FAE04EC0-301F-11D3-BF4B-00C04F79EFBC}") = "Tyuiu.KochetovAP.Sprint2.Task4.V20.Test", "Tyuiu.KochetovAP.Sprint2.Task4.V20.Test\Tyuiu.KochetovAP.Sprint2.Task4.V20.Test.csproj", "{BFDB2BDB-DD6E-42D2-9BD6-B9C3D73F1FE0}"
EndProject
Global
	GlobalSection(SolutionConfigurationPlatforms) = preSolution
		Debug|Any CPU = Debug|Any CPU
		Release|Any CPU = Release|Any CPU
	EndGlobalSection
	GlobalSection(ProjectConfigurationPlatforms) = postSolution
		{CE1F2B66-991E-4F3D-8F98-851C397D3AA9}.Debug|Any CPU.ActiveCfg = Debug|Any CPU
		{CE1F2B66-991E-4F3D-8F98-851C397D3AA9}.Debug|Any CPU.Build.0 = Debug|Any CPU
		{CE1F2B66-991E-4F3D-8F98-851C397D3AA9}.Release|Any CPU.ActiveCfg = Release|Any CPU
		{CE1F2B66-991E-4F3D-8F98-851C397D3AA9}.Release|Any CPU.Build.0 = Release|Any CPU
		{F8E1009C-09AB-4330-8397-2EF1A045679A}.Debug|Any CPU.ActiveCfg = Debug|Any CPU
		{F8E1009C-09AB-4330-8397-2EF1A045679A}.Debug|Any CPU.Build.0 = Debug|Any CPU
		{F8E1009C-09AB-4330-8397-2EF1A045679A}.Release|Any CPU.ActiveCfg = Release|Any CPU
		{F8E1009C-09AB-4330-8397-2EF1A045679A}.Release|Any CPU.Build.0 = Release|Any CPU
		{83D7AB03-6CE5-4A83-BA7E-983C36847756}.Debug|Any CPU.ActiveCfg = Debug|Any CPU
		{83D7AB03-6CE5-4A83-BA7E-983C36847756}.Debug|Any CPU.Build.0 = Debug|Any CPU
		{83D7AB03-6CE5-4A83-BA7E-983C36847756}.Release|Any CPU.ActiveCfg = Release|Any CPU
		{83D7AB03-6CE5-4A83-BA7E-983C36847756}.Release|Any CPU.Build.0 = Release|Any CPU
		{8638A2AA-F883-4A0E-84E4-4146C5C2B750}.Debug|Any CPU.ActiveCfg = Debug|Any CPU
		{8638A2AA-F883-4A0E-84E4-4146C5C2B750}.Debug|Any CPU.Build.0 = Debug|Any CPU
		{8638A2AA-F883-4A0E-84E4-4146C5C2B750}.Release|Any CPU.ActiveCfg = Release|Any CPU
		{8638A2AA-F883-4A0E-84E4-4146C5C2B750}.Release|Any CPU.Build.0 = Release|Any CPU
		{8FC5ECBC-4CD2-446A-9C83-5E1882A4DBAA}.Debug|Any CPU.ActiveCfg = Debug|Any CPU
		{8FC5ECBC-4CD2-446A-9C83-5E1882A4DBAA}.Debug|Any CPU.Build.0 = Debug|Any CPU
		{8FC5ECBC-4CD2-446A-9C83-5E1882A4DBAA}.Release|Any CPU.ActiveCfg = Release|Any CPU
		{8FC5ECBC-4CD2-446A-9C83-5E1882A4DBAA}.Release|Any CPU.Build.0 = Release|Any CPU
		{BFDB2BDB-DD6E-42D2-9BD6-B9C3D73F1FE0}.Debug|Any CPU.ActiveCfg = Debug|Any CPU
		{BFDB2BDB-DD6E-42D2-9BD6-B9C3D73F1FE0}.Debug|Any CPU.Build.0 = Debug|Any CPU
		{BFDB2BDB-DD6E-42D2-9BD6-B9C3D73F1FE0}.Release|Any CPU.ActiveCfg = Release|Any CPU
		{BFDB2BDB-DD6E-42D2-9BD6-B9C3D73F1FE0}.Release|Any CPU.Build.0 = Release|Any CPU
	EndGlobalSection
	GlobalSection(SolutionProperties) = preSolution
		HideSolutionNode = FALSE
	EndGlobalSection
	GlobalSection(NestedProjects) = preSolution
		{CE1F2B66-991E-4F3D-8F98-851C397D3AA9} = {02EA681E-C7D8-13C7-8484-4AC65E1B71E8}
		{F8E1009C-09AB-4330-8397-2EF1A045679A} = {02EA681E-C7D8-13C7-8484-4AC65E1B71E8}
		{83D7AB03-6CE5-4A83-BA7E-983C36847756} = {02EA681E-C7D8-13C7-8484-4AC65E1B71E8}
		{8638A2AA-F883-4A0E-84E4-4146C5C2B750} = {BA081C57-9666-418A-8A9B-A7677B4C4391}
		{8FC5ECBC-4CD2-446A-9C83-5E1882A4DBAA} = {BA081C57-9666-418A-8A9B-A7677B4C4391}
		{BFDB2BDB-DD6E-42D2-9BD6-B9C3D73F1FE0} = {BA081C57-9666-418A-8A9B-A7677B4C4391}
	EndGlobalSection
	GlobalSection(ExtensibilityGlobals) = postSolution
		SolutionGuid = {044654BF-2366-4254-AA15-741441E3A926}
	EndGlobalSection
EndGlobal
