
Microsoft Visual Studio Solution File, Format Version 12.00
# Visual Studio Version 17
VisualStudioVersion = 17.14.36518.9
MinimumVisualStudioVersion = 10.0.40219.1
Project("{2150E333-8FDC-42A3-9474-1A3956D46DE8}") = "Task3", "Task3", "{02EA681E-C7D8-13C7-8484-4AC65E1B71E8}"
EndProject
Project("{FAE04EC0-301F-11D3-BF4B-00C04F79EFBC}") = "Tyuiu.KochetovAP.Sprint2.Task3.V23", "Tyuiu.KochetovAP.Sprint2.Task3.V23\Tyuiu.KochetovAP.Sprint2.Task3.V23.csproj", "{CE1F2B66-991E-4F3D-8F98-851C397D3AA9}"
EndProject
Project("{FAE04EC0-301F-11D3-BF4B-00C04F79EFBC}") = "Tyuiu.KochetovAP.Sprint2.Task3.V23.Lib", "Tyuiu.KochetovAP.Sprint2.Task3.V23.Lib\Tyuiu.KochetovAP.Sprint2.Task3.V23.Lib.csproj", "{F8E1009C-09AB-4330-8397-2EF1A045679A}"
EndProject
Project("{FAE04EC0-301F-11D3-BF4B-00C04F79EFBC}") = "Tyuiu.KochetovAP.Sprint2.Task3.V23.Test", "Tyuiu.KochetovAP.Sprint2.Task3.V23.Test\Tyuiu.KochetovAP.Sprint2.Task3.V23.Test.csproj", "{83D7AB03-6CE5-4A83-BA7E-983C36847756}"
EndProject
Project("{2150E333-8FDC-42A3-9474-1A3956D46DE8}") = "Task4", "Task4", "{BA081C57-9666-418A-8A9B-A7677B4C4391}"
EndProject
Project("{FAE04EC0-301F-11D3-BF4B-00C04F79EFBC}") = "Tyuiu.KochetovAP.Sprint2.Task4.V20", "Tyuiu.KochetovAP.Sprint2.Task4.V20\Tyuiu.KochetovAP.Sprint2.Task4.V20.csproj", "{8638A2AA-F883-4A0E-84E4-4146C5C2B750}"
EndProject
Project("{FAE04EC0-301F-11D3-BF4B-00C04F79EFBC}") = "Tyuiu.KochetovAP.Sprint2.Task4.V20.Lib", "Tyuiu.KochetovAP.Sprint2.Task4.V20.Lib\Tyuiu.KochetovAP.Sprint2.Task4.V20.Lib.csproj", "{8FC5ECBC-4CD2-446A-9C83-5E1882A4DBAA}"
EndProject
Project("{FAE04EC0-301F-11D3-BF4B-00C04F79EFBC}") = "Tyuiu.KochetovAP.Sprint2.Task4.V20.Test", "Tyuiu.KochetovAP.Sprint2.Task4.V20.Test\Tyuiu.KochetovAP.Sprint2.Task4.V20.Test.csproj", "{BFDB2BDB-DD6E-42D2-9BD6-B9C3D73F1FE0}"
EndProject
Project("{2150E333-8FDC-42A3-9474-1A3956D46DE8}") = "Task5", "Task5", "{CB08238B-3408-47C0-BA9F-A0FB4D7794C4}"
EndProject
Project("{FAE04EC0-301F-11D3-BF4B-00C04F79EFBC}") = "Tyuiu.KochetovAP.Sprint2.Task5.V15", "Tyuiu.KochetovAP.Sprint2.Task5.V15\Tyuiu.KochetovAP.Sprint2.Task5.V15.csproj", "{E5C700C7-93A0-4E3B-8540-72B14B69EF32}"
EndProject
Project("{FAE04EC0-301F-11D3-BF4B-00C04F79EFBC}") = "Tyuiu.KochetovAP.Sprint2.Task5.V15.Lib", "Tyuiu.KochetovAP.Sprint2.Task5.V15.Lib\Tyuiu.KochetovAP.Sprint2.Task5.V15.Lib.csproj", "{30F0E847-7783-441C-AADE-8140BBC4735C}"
EndProject
Project("{FAE04EC0-301F-11D3-BF4B-00C04F79EFBC}") = "Tyuiu.KochetovAP.Sprint2.Task5.V15.Test", "Tyuiu.KochetovAP.Sprint2.Task5.V15.Test\Tyuiu.KochetovAP.Sprint2.Task5.V15.Test.csproj", "{72A093BC-2438-420A-808D-571D6ACE45B4}"
EndProject
Project("{2150E333-8FDC-42A3-9474-1A3956D46DE8}") = "Task6", "Task6", "{D4836F74-3B00-49DB-9325-C3C9A876B8CC}"
EndProject
Project("{FAE04EC0-301F-11D3-BF4B-00C04F79EFBC}") = "Tyuiu.KochetovAP.Sprint2.Task6.V6", "Tyuiu.KochetovAP.Sprint2.Task6.V6\Tyuiu.KochetovAP.Sprint2.Task6.V6.csproj", "{54A34B7A-B35A-454E-92A8-6C54A4007446}"
EndProject
Project("{FAE04EC0-301F-11D3-BF4B-00C04F79EFBC}") = "Tyuiu.KochetovAP.Sprint2.Task6.V6.Lib", "Tyuiu.KochetovAP.Sprint2.Task6.V6.Lib\Tyuiu.KochetovAP.Sprint2.Task6.V6.Lib.csproj", "{65AB02C1-DA9D-491A-B0E3-9D04A22D19A5}"
EndProject
Project("{FAE04EC0-301F-11D3-BF4B-00C04F79EFBC}") = "Tyuiu.KochetovAP.Sprint2.Task6.V6.Test", "Tyuiu.KochetovAP.Sprint2.Task6.V6.Test\Tyuiu.KochetovAP.Sprint2.Task6.V6.Test.csproj", "{0BFC2034-0CBB-4FF5-891F-043A27C98794}"
EndProject
Project("{2150E333-8FDC-42A3-9474-1A3956D46DE8}") = "Task7", "Task7", "{BB620764-1075-4011-8A83-3F20AD8EFC6D}"
EndProject
Project("{FAE04EC0-301F-11D3-BF4B-00C04F79EFBC}") = "Tyuiu.KochetovAP.Sprint2.Task7.V15", "Tyuiu.KochetovAP.Sprint2.Task7.V15\Tyuiu.KochetovAP.Sprint2.Task7.V15.csproj", "{718AE390-D362-491E-8CC8-8AED119966F0}"
EndProject
Project("{FAE04EC0-301F-11D3-BF4B-00C04F79EFBC}") = "Tyuiu.KochetovAP.Sprint2.Task7.V15.Lib", "Tyuiu.KochetovAP.Sprint2.Task7.V15.Lib\Tyuiu.KochetovAP.Sprint2.Task7.V15.Lib.csproj", "{76027805-DD1C-4D6D-8010-6B6D52A8A80A}"
EndProject
Project("{FAE04EC0-301F-11D3-BF4B-00C04F79EFBC}") = "Tyuiu.KochetovAP.Sprint2.Task7.V15.Test", "Tyuiu.KochetovAP.Sprint2.Task7.V15.Test\Tyuiu.KochetovAP.Sprint2.Task7.V15.Test.csproj", "{18CB9E7D-5573-48DB-A07F-E2E55874A5E8}"
EndProject
Global
	GlobalSection(SolutionConfigurationPlatforms) = preSolution
		Debug|Any CPU = Debug|Any CPU
		Release|Any CPU = Release|Any CPU
	EndGlobalSection
	GlobalSection(ProjectConfigurationPlatforms) = postSolution
		{CE1F2B66-991E-4F3D-8F98-851C397D3AA9}.Debug|Any CPU.ActiveCfg = Debug|Any CPU
		{CE1F2B66-991E-4F3D-8F98-851C397D3AA9}.Debug|Any CPU.Build.0 = Debug|Any CPU
		{CE1F2B66-991E-4F3D-8F98-851C397D3AA9}.Release|Any CPU.ActiveCfg = Release|Any CPU
		{CE1F2B66-991E-4F3D-8F98-851C397D3AA9}.Release|Any CPU.Build.0 = Release|Any CPU
		{F8E1009C-09AB-4330-8397-2EF1A045679A}.Debug|Any CPU.ActiveCfg = Debug|Any CPU
		{F8E1009C-09AB-4330-8397-2EF1A045679A}.Debug|Any CPU.Build.0 = Debug|Any CPU
		{F8E1009C-09AB-4330-8397-2EF1A045679A}.Release|Any CPU.ActiveCfg = Release|Any CPU
		{F8E1009C-09AB-4330-8397-2EF1A045679A}.Release|Any CPU.Build.0 = Release|Any CPU
		{83D7AB03-6CE5-4A83-BA7E-983C36847756}.Debug|Any CPU.ActiveCfg = Debug|Any CPU
		{83D7AB03-6CE5-4A83-BA7E-983C36847756}.Debug|Any CPU.Build.0 = Debug|Any CPU
		{83D7AB03-6CE5-4A83-BA7E-983C36847756}.Release|Any CPU.ActiveCfg = Release|Any CPU
		{83D7AB03-6CE5-4A83-BA7E-983C36847756}.Release|Any CPU.Build.0 = Release|Any CPU
		{8638A2AA-F883-4A0E-84E4-4146C5C2B750}.Debug|Any CPU.ActiveCfg = Debug|Any CPU
		{8638A2AA-F883-4A0E-84E4-4146C5C2B750}.Debug|Any CPU.Build.0 = Debug|Any CPU
		{8638A2AA-F883-4A0E-84E4-4146C5C2B750}.Release|Any CPU.ActiveCfg = Release|Any CPU
		{8638A2AA-F883-4A0E-84E4-4146C5C2B750}.Release|Any CPU.Build.0 = Release|Any CPU
		{8FC5ECBC-4CD2-446A-9C83-5E1882A4DBAA}.Debug|Any CPU.ActiveCfg = Debug|Any CPU
		{8FC5ECBC-4CD2-446A-9C83-5E1882A4DBAA}.Debug|Any CPU.Build.0 = Debug|Any CPU
		{8FC5ECBC-4CD2-446A-9C83-5E1882A4DBAA}.Release|Any CPU.ActiveCfg = Release|Any CPU
		{8FC5ECBC-4CD2-446A-9C83-5E1882A4DBAA}.Release|Any CPU.Build.0 = Release|Any CPU
		{BFDB2BDB-DD6E-42D2-9BD6-B9C3D73F1FE0}.Debug|Any CPU.ActiveCfg = Debug|Any CPU
		{BFDB2BDB-DD6E-42D2-9BD6-B9C3D73F1FE0}.Debug|Any CPU.Build.0 = Debug|Any CPU
		{BFDB2BDB-DD6E-42D2-9BD6-B9C3D73F1FE0}.Release|Any CPU.ActiveCfg = Release|Any CPU
		{BFDB2BDB-DD6E-42D2-9BD6-B9C3D73F1FE0}.Release|Any CPU.Build.0 = Release|Any CPU
		{E5C700C7-93A0-4E3B-8540-72B14B69EF32}.Debug|Any CPU.ActiveCfg = Debug|Any CPU
		{E5C700C7-93A0-4E3B-8540-72B14B69EF32}.Debug|Any CPU.Build.0 = Debug|Any CPU
		{E5C700C7-93A0-4E3B-8540-72B14B69EF32}.Release|Any CPU.ActiveCfg = Release|Any CPU
		{E5C700C7-93A0-4E3B-8540-72B14B69EF32}.Release|Any CPU.Build.0 = Release|Any CPU
		{30F0E847-7783-441C-AADE-8140BBC4735C}.Debug|Any CPU.ActiveCfg = Debug|Any CPU
		{30F0E847-7783-441C-AADE-8140BBC4735C}.Debug|Any CPU.Build.0 = Debug|Any CPU
		{30F0E847-7783-441C-AADE-8140BBC4735C}.Release|Any CPU.ActiveCfg = Release|Any CPU
		{30F0E847-7783-441C-AADE-8140BBC4735C}.Release|Any CPU.Build.0 = Release|Any CPU
		{72A093BC-2438-420A-808D-571D6ACE45B4}.Debug|Any CPU.ActiveCfg = Debug|Any CPU
		{72A093BC-2438-420A-808D-571D6ACE45B4}.Debug|Any CPU.Build.0 = Debug|Any CPU
		{72A093BC-2438-420A-808D-571D6ACE45B4}.Release|Any CPU.ActiveCfg = Release|Any CPU
		{72A093BC-2438-420A-808D-571D6ACE45B4}.Release|Any CPU.Build.0 = Release|Any CPU
		{54A34B7A-B35A-454E-92A8-6C54A4007446}.Debug|Any CPU.ActiveCfg = Debug|Any CPU
		{54A34B7A-B35A-454E-92A8-6C54A4007446}.Debug|Any CPU.Build.0 = Debug|Any CPU
		{54A34B7A-B35A-454E-92A8-6C54A4007446}.Release|Any CPU.ActiveCfg = Release|Any CPU
		{54A34B7A-B35A-454E-92A8-6C54A4007446}.Release|Any CPU.Build.0 = Release|Any CPU
		{65AB02C1-DA9D-491A-B0E3-9D04A22D19A5}.Debug|Any CPU.ActiveCfg = Debug|Any CPU
		{65AB02C1-DA9D-491A-B0E3-9D04A22D19A5}.Debug|Any CPU.Build.0 = Debug|Any CPU
		{65AB02C1-DA9D-491A-B0E3-9D04A22D19A5}.Release|Any CPU.ActiveCfg = Release|Any CPU
		{65AB02C1-DA9D-491A-B0E3-9D04A22D19A5}.Release|Any CPU.Build.0 = Release|Any CPU
		{0BFC2034-0CBB-4FF5-891F-043A27C98794}.Debug|Any CPU.ActiveCfg = Debug|Any CPU
		{0BFC2034-0CBB-4FF5-891F-043A27C98794}.Debug|Any CPU.Build.0 = Debug|Any CPU
		{0BFC2034-0CBB-4FF5-891F-043A27C98794}.Release|Any CPU.ActiveCfg = Release|Any CPU
		{0BFC2034-0CBB-4FF5-891F-043A27C98794}.Release|Any CPU.Build.0 = Release|Any CPU
		{718AE390-D362-491E-8CC8-8AED119966F0}.Debug|Any CPU.ActiveCfg = Debug|Any CPU
		{718AE390-D362-491E-8CC8-8AED119966F0}.Debug|Any CPU.Build.0 = Debug|Any CPU
		{718AE390-D362-491E-8CC8-8AED119966F0}.Release|Any CPU.ActiveCfg = Release|Any CPU
		{718AE390-D362-491E-8CC8-8AED119966F0}.Release|Any CPU.Build.0 = Release|Any CPU
		{76027805-DD1C-4D6D-8010-6B6D52A8A80A}.Debug|Any CPU.ActiveCfg = Debug|Any CPU
		{76027805-DD1C-4D6D-8010-6B6D52A8A80A}.Debug|Any CPU.Build.0 = Debug|Any CPU
		{76027805-DD1C-4D6D-8010-6B6D52A8A80A}.Release|Any CPU.ActiveCfg = Release|Any CPU
		{76027805-DD1C-4D6D-8010-6B6D52A8A80A}.Release|Any CPU.Build.0 = Release|Any CPU
		{18CB9E7D-5573-48DB-A07F-E2E55874A5E8}.Debug|Any CPU.ActiveCfg = Debug|Any CPU
		{18CB9E7D-5573-48DB-A07F-E2E55874A5E8}.Debug|Any CPU.Build.0 = Debug|Any CPU
		{18CB9E7D-5573-48DB-A07F-E2E55874A5E8}.Release|Any CPU.ActiveCfg = Release|Any CPU
		{18CB9E7D-5573-48DB-A07F-E2E55874A5E8}.Release|Any CPU.Build.0 = Release|Any CPU
	EndGlobalSection
	GlobalSection(SolutionProperties) = preSolution
		HideSolutionNode = FALSE
	EndGlobalSection
	GlobalSection(NestedProjects) = preSolution
		{CE1F2B66-991E-4F3D-8F98-851C397D3AA9} = {02EA681E-C7D8-13C7-8484-4AC65E1B71E8}
		{F8E1009C-09AB-4330-8397-2EF1A045679A} = {02EA681E-C7D8-13C7-8484-4AC65E1B71E8}
		{83D7AB03-6CE5-4A83-BA7E-983C36847756} = {02EA681E-C7D8-13C7-8484-4AC65E1B71E8}
		{8638A2AA-F883-4A0E-84E4-4146C5C2B750} = {BA081C57-9666-418A-8A9B-A7677B4C4391}
		{8FC5ECBC-4CD2-446A-9C83-5E1882A4DBAA} = {BA081C57-9666-418A-8A9B-A7677B4C4391}
		{BFDB2BDB-DD6E-42D2-9BD6-B9C3D73F1FE0} = {BA081C57-9666-418A-8A9B-A7677B4C4391}
		{E5C700C7-93A0-4E3B-8540-72B14B69EF32} = {CB08238B-3408-47C0-BA9F-A0FB4D7794C4}
		{30F0E847-7783-441C-AADE-8140BBC4735C} = {CB08238B-3408-47C0-BA9F-A0FB4D7794C4}
		{72A093BC-2438-420A-808D-571D6ACE45B4} = {CB08238B-3408-47C0-BA9F-A0FB4D7794C4}
		{54A34B7A-B35A-454E-92A8-6C54A4007446} = {D4836F74-3B00-49DB-9325-C3C9A876B8CC}
		{65AB02C1-DA9D-491A-B0E3-9D04A22D19A5} = {D4836F74-3B00-49DB-9325-C3C9A876B8CC}
		{0BFC2034-0CBB-4FF5-891F-043A27C98794} = {D4836F74-3B00-49DB-9325-C3C9A876B8CC}
		{718AE390-D362-491E-8CC8-8AED119966F0} = {BB620764-1075-4011-8A83-3F20AD8EFC6D}
		{76027805-DD1C-4D6D-8010-6B6D52A8A80A} = {BB620764-1075-4011-8A83-3F20AD8EFC6D}
		{18CB9E7D-5573-48DB-A07F-E2E55874A5E8} = {BB620764-1075-4011-8A83-3F20AD8EFC6D}
	EndGlobalSection
	GlobalSection(ExtensibilityGlobals) = postSolution
		SolutionGuid = {044654BF-2366-4254-AA15-741441E3A926}
	EndGlobalSection
EndGlobal
